
Microsoft Visual Studio Solution File, Format Version 12.00
# Visual Studio Version 16
VisualStudioVersion = 16.0.31702.278
MinimumVisualStudioVersion = 10.0.40219.1
Project("{FAE04EC0-301F-11D3-BF4B-00C04F79EFBC}") = "DBMSServiceLib", "DBMSServiceLib\DBMSServiceLib.csproj", "{6BF3E1FB-57C1-41EC-80FA-A91592DAE460}"
EndProject
Project("{FAE04EC0-301F-11D3-BF4B-00C04F79EFBC}") = "DBMSHost", "DBMSHost\DBMSHost.csproj", "{C6C8DAF1-746C-4A15-8A53-5C5646C2116D}"
EndProject
Project("{FAE04EC0-301F-11D3-BF4B-00C04F79EFBC}") = "DBMSClient", "DBMSClient\DBMSClient.csproj", "{879741F8-3C2B-4ACE-991B-D972A92A6780}"
	ProjectSection(ProjectDependencies) = postProject
		{6BF3E1FB-57C1-41EC-80FA-A91592DAE460} = {6BF3E1FB-57C1-41EC-80FA-A91592DAE460}
	EndProjectSection
EndProject
Global
	GlobalSection(SolutionConfigurationPlatforms) = preSolution
		Debug|Any CPU = Debug|Any CPU
		Release|Any CPU = Release|Any CPU
	EndGlobalSection
	GlobalSection(ProjectConfigurationPlatforms) = postSolution
		{6BF3E1FB-57C1-41EC-80FA-A91592DAE460}.Debug|Any CPU.ActiveCfg = Debug|Any CPU
		{6BF3E1FB-57C1-41EC-80FA-A91592DAE460}.Debug|Any CPU.Build.0 = Debug|Any CPU
		{6BF3E1FB-57C1-41EC-80FA-A91592DAE460}.Release|Any CPU.ActiveCfg = Release|Any CPU
		{6BF3E1FB-57C1-41EC-80FA-A91592DAE460}.Release|Any CPU.Build.0 = Release|Any CPU
		{C6C8DAF1-746C-4A15-8A53-5C5646C2116D}.Debug|Any CPU.ActiveCfg = Debug|Any CPU
		{C6C8DAF1-746C-4A15-8A53-5C5646C2116D}.Debug|Any CPU.Build.0 = Debug|Any CPU
		{C6C8DAF1-746C-4A15-8A53-5C5646C2116D}.Release|Any CPU.ActiveCfg = Release|Any CPU
		{C6C8DAF1-746C-4A15-8A53-5C5646C2116D}.Release|Any CPU.Build.0 = Release|Any CPU
		{879741F8-3C2B-4ACE-991B-D972A92A6780}.Debug|Any CPU.ActiveCfg = Debug|Any CPU
		{879741F8-3C2B-4ACE-991B-D972A92A6780}.Debug|Any CPU.Build.0 = Debug|Any CPU
		{879741F8-3C2B-4ACE-991B-D972A92A6780}.Release|Any CPU.ActiveCfg = Release|Any CPU
		{879741F8-3C2B-4ACE-991B-D972A92A6780}.Release|Any CPU.Build.0 = Release|Any CPU
	EndGlobalSection
	GlobalSection(SolutionProperties) = preSolution
		HideSolutionNode = FALSE
	EndGlobalSection
	GlobalSection(ExtensibilityGlobals) = postSolution
		SolutionGuid = {4028B877-DBC9-419B-B005-646E829B6EB6}
	EndGlobalSection
EndGlobal
